// !$*UTF8*$!
{
	archiveVersion = 1;
	classes = {
	};
	objectVersion = 46;
	objects = {

/* Begin PBXBuildFile section */
		ED07E0DD1B4B0020007494C1 /* main.m in Sources */ = {isa = PBXBuildFile; fileRef = ED07E0DC1B4B0020007494C1 /* main.m */; };
		ED07E0E01B4B0020007494C1 /* AppDelegate.m in Sources */ = {isa = PBXBuildFile; fileRef = ED07E0DF1B4B0020007494C1 /* AppDelegate.m */; };
		ED07E0E31B4B0020007494C1 /* WebViewController.m in Sources */ = {isa = PBXBuildFile; fileRef = ED07E0E21B4B0020007494C1 /* WebViewController.m */; };
		ED07E0E61B4B0020007494C1 /* Main.storyboard in Resources */ = {isa = PBXBuildFile; fileRef = ED07E0E41B4B0020007494C1 /* Main.storyboard */; };
		ED07E0E81B4B0020007494C1 /* Images.xcassets in Resources */ = {isa = PBXBuildFile; fileRef = ED07E0E71B4B0020007494C1 /* Images.xcassets */; };
		ED07E0EB1B4B0020007494C1 /* LaunchScreen.xib in Resources */ = {isa = PBXBuildFile; fileRef = ED07E0E91B4B0020007494C1 /* LaunchScreen.xib */; };
		ED07E0F71B4B0020007494C1 /* samplewebappTests.m in Sources */ = {isa = PBXBuildFile; fileRef = ED07E0F61B4B0020007494C1 /* samplewebappTests.m */; };
		ED07E1011B4B8ECA007494C1 /* credits.txt in Resources */ = {isa = PBXBuildFile; fileRef = ED07E1001B4B8ECA007494C1 /* credits.txt */; };
		ED52268B1B4BB697007B03F3 /* VideoWebViewController.m in Sources */ = {isa = PBXBuildFile; fileRef = ED52268A1B4BB697007B03F3 /* VideoWebViewController.m */; };
/* End PBXBuildFile section */

/* Begin PBXContainerItemProxy section */
		ED07E0F11B4B0020007494C1 /* PBXContainerItemProxy */ = {
			isa = PBXContainerItemProxy;
			containerPortal = ED07E0CF1B4B0020007494C1 /* Project object */;
			proxyType = 1;
			remoteGlobalIDString = ED07E0D61B4B0020007494C1;
			remoteInfo = samplewebapp;
		};
/* End PBXContainerItemProxy section */

/* Begin PBXFileReference section */
		ED07E0D71B4B0020007494C1 /* samplewebapp.app */ = {isa = PBXFileReference; explicitFileType = wrapper.application; includeInIndex = 0; path = samplewebapp.app; sourceTree = BUILT_PRODUCTS_DIR; };
		ED07E0DB1B4B0020007494C1 /* Info.plist */ = {isa = PBXFileReference; lastKnownFileType = text.plist.xml; path = Info.plist; sourceTree = "<group>"; };
		ED07E0DC1B4B0020007494C1 /* main.m */ = {isa = PBXFileReference; lastKnownFileType = sourcecode.c.objc; path = main.m; sourceTree = "<group>"; };
		ED07E0DE1B4B0020007494C1 /* AppDelegate.h */ = {isa = PBXFileReference; lastKnownFileType = sourcecode.c.h; path = AppDelegate.h; sourceTree = "<group>"; };
		ED07E0DF1B4B0020007494C1 /* AppDelegate.m */ = {isa = PBXFileReference; lastKnownFileType = sourcecode.c.objc; path = AppDelegate.m; sourceTree = "<group>"; };
		ED07E0E11B4B0020007494C1 /* WebViewController.h */ = {isa = PBXFileReference; lastKnownFileType = sourcecode.c.h; path = WebViewController.h; sourceTree = "<group>"; };
		ED07E0E21B4B0020007494C1 /* WebViewController.m */ = {isa = PBXFileReference; lastKnownFileType = sourcecode.c.objc; path = WebViewController.m; sourceTree = "<group>"; };
		ED07E0E51B4B0020007494C1 /* Base */ = {isa = PBXFileReference; lastKnownFileType = file.storyboard; name = Base; path = Base.lproj/Main.storyboard; sourceTree = "<group>"; };
		ED07E0E71B4B0020007494C1 /* Images.xcassets */ = {isa = PBXFileReference; lastKnownFileType = folder.assetcatalog; path = Images.xcassets; sourceTree = "<group>"; };
		ED07E0EA1B4B0020007494C1 /* Base */ = {isa = PBXFileReference; lastKnownFileType = file.xib; name = Base; path = Base.lproj/LaunchScreen.xib; sourceTree = "<group>"; };
		ED07E0F01B4B0020007494C1 /* samplewebappTests.xctest */ = {isa = PBXFileReference; explicitFileType = wrapper.cfbundle; includeInIndex = 0; path = samplewebappTests.xctest; sourceTree = BUILT_PRODUCTS_DIR; };
		ED07E0F51B4B0020007494C1 /* Info.plist */ = {isa = PBXFileReference; lastKnownFileType = text.plist.xml; path = Info.plist; sourceTree = "<group>"; };
		ED07E0F61B4B0020007494C1 /* samplewebappTests.m */ = {isa = PBXFileReference; lastKnownFileType = sourcecode.c.objc; path = samplewebappTests.m; sourceTree = "<group>"; };
		ED07E1001B4B8ECA007494C1 /* credits.txt */ = {isa = PBXFileReference; fileEncoding = 4; lastKnownFileType = text; path = credits.txt; sourceTree = "<group>"; };
		ED5226891B4BB697007B03F3 /* VideoWebViewController.h */ = {isa = PBXFileReference; fileEncoding = 4; lastKnownFileType = sourcecode.c.h; path = VideoWebViewController.h; sourceTree = "<group>"; };
		ED52268A1B4BB697007B03F3 /* VideoWebViewController.m */ = {isa = PBXFileReference; fileEncoding = 4; lastKnownFileType = sourcecode.c.objc; path = VideoWebViewController.m; sourceTree = "<group>"; };
/* End PBXFileReference section */

/* Begin PBXFrameworksBuildPhase section */
		ED07E0D41B4B0020007494C1 /* Frameworks */ = {
			isa = PBXFrameworksBuildPhase;
			buildActionMask = 2147483647;
			files = (
			);
			runOnlyForDeploymentPostprocessing = 0;
		};
		ED07E0ED1B4B0020007494C1 /* Frameworks */ = {
			isa = PBXFrameworksBuildPhase;
			buildActionMask = 2147483647;
			files = (
			);
			runOnlyForDeploymentPostprocessing = 0;
		};
/* End PBXFrameworksBuildPhase section */

/* Begin PBXGroup section */
		ED07E0CE1B4B0020007494C1 = {
			isa = PBXGroup;
			children = (
				ED07E0D91B4B0020007494C1 /* samplewebapp */,
				ED07E0F31B4B0020007494C1 /* samplewebappTests */,
				ED07E0D81B4B0020007494C1 /* Products */,
			);
			sourceTree = "<group>";
		};
		ED07E0D81B4B0020007494C1 /* Products */ = {
			isa = PBXGroup;
			children = (
				ED07E0D71B4B0020007494C1 /* samplewebapp.app */,
				ED07E0F01B4B0020007494C1 /* samplewebappTests.xctest */,
			);
			name = Products;
			sourceTree = "<group>";
		};
		ED07E0D91B4B0020007494C1 /* samplewebapp */ = {
			isa = PBXGroup;
			children = (
				ED07E0DE1B4B0020007494C1 /* AppDelegate.h */,
				ED07E0DF1B4B0020007494C1 /* AppDelegate.m */,
				ED07E0E11B4B0020007494C1 /* WebViewController.h */,
				ED07E0E21B4B0020007494C1 /* WebViewController.m */,
				ED5226891B4BB697007B03F3 /* VideoWebViewController.h */,
				ED52268A1B4BB697007B03F3 /* VideoWebViewController.m */,
				ED07E0E41B4B0020007494C1 /* Main.storyboard */,
				ED07E0E71B4B0020007494C1 /* Images.xcassets */,
				ED07E0E91B4B0020007494C1 /* LaunchScreen.xib */,
				ED07E0DA1B4B0020007494C1 /* Supporting Files */,
			);
			path = samplewebapp;
			sourceTree = "<group>";
		};
		ED07E0DA1B4B0020007494C1 /* Supporting Files */ = {
			isa = PBXGroup;
			children = (
				ED07E0DB1B4B0020007494C1 /* Info.plist */,
				ED07E0DC1B4B0020007494C1 /* main.m */,
				ED07E1001B4B8ECA007494C1 /* credits.txt */,
			);
			name = "Supporting Files";
			sourceTree = "<group>";
		};
		ED07E0F31B4B0020007494C1 /* samplewebappTests */ = {
			isa = PBXGroup;
			children = (
				ED07E0F61B4B0020007494C1 /* samplewebappTests.m */,
				ED07E0F41B4B0020007494C1 /* Supporting Files */,
			);
			path = samplewebappTests;
			sourceTree = "<group>";
		};
		ED07E0F41B4B0020007494C1 /* Supporting Files */ = {
			isa = PBXGroup;
			children = (
				ED07E0F51B4B0020007494C1 /* Info.plist */,
			);
			name = "Supporting Files";
			sourceTree = "<group>";
		};
/* End PBXGroup section */

/* Begin PBXNativeTarget section */
		ED07E0D61B4B0020007494C1 /* samplewebapp */ = {
			isa = PBXNativeTarget;
			buildConfigurationList = ED07E0FA1B4B0020007494C1 /* Build configuration list for PBXNativeTarget "samplewebapp" */;
			buildPhases = (
				ED07E0D31B4B0020007494C1 /* Sources */,
				ED07E0D41B4B0020007494C1 /* Frameworks */,
				ED07E0D51B4B0020007494C1 /* Resources */,
			);
			buildRules = (
			);
			dependencies = (
			);
			name = samplewebapp;
			productName = samplewebapp;
			productReference = ED07E0D71B4B0020007494C1 /* samplewebapp.app */;
			productType = "com.apple.product-type.application";
		};
		ED07E0EF1B4B0020007494C1 /* samplewebappTests */ = {
			isa = PBXNativeTarget;
			buildConfigurationList = ED07E0FD1B4B0020007494C1 /* Build configuration list for PBXNativeTarget "samplewebappTests" */;
			buildPhases = (
				ED07E0EC1B4B0020007494C1 /* Sources */,
				ED07E0ED1B4B0020007494C1 /* Frameworks */,
				ED07E0EE1B4B0020007494C1 /* Resources */,
			);
			buildRules = (
			);
			dependencies = (
				ED07E0F21B4B0020007494C1 /* PBXTargetDependency */,
			);
			name = samplewebappTests;
			productName = samplewebappTests;
			productReference = ED07E0F01B4B0020007494C1 /* samplewebappTests.xctest */;
			productType = "com.apple.product-type.bundle.unit-test";
		};
/* End PBXNativeTarget section */

/* Begin PBXProject section */
		ED07E0CF1B4B0020007494C1 /* Project object */ = {
			isa = PBXProject;
			attributes = {
				LastUpgradeCheck = 0630;
				ORGANIZATIONNAME = "Mrudul P";
				TargetAttributes = {
					ED07E0D61B4B0020007494C1 = {
						CreatedOnToolsVersion = 6.3.2;
					};
					ED07E0EF1B4B0020007494C1 = {
						CreatedOnToolsVersion = 6.3.2;
						TestTargetID = ED07E0D61B4B0020007494C1;
					};
				};
			};
			buildConfigurationList = ED07E0D21B4B0020007494C1 /* Build configuration list for PBXProject "samplewebapp" */;
			compatibilityVersion = "Xcode 3.2";
			developmentRegion = English;
			hasScannedForEncodings = 0;
			knownRegions = (
				en,
				Base,
			);
			mainGroup = ED07E0CE1B4B0020007494C1;
			productRefGroup = ED07E0D81B4B0020007494C1 /* Products */;
			projectDirPath = "";
			projectRoot = "";
			targets = (
				ED07E0D61B4B0020007494C1 /* samplewebapp */,
				ED07E0EF1B4B0020007494C1 /* samplewebappTests */,
			);
		};
/* End PBXProject section */

/* Begin PBXResourcesBuildPhase section */
		ED07E0D51B4B0020007494C1 /* Resources */ = {
			isa = PBXResourcesBuildPhase;
			buildActionMask = 2147483647;
			files = (
				ED07E0E61B4B0020007494C1 /* Main.storyboard in Resources */,
				ED07E0EB1B4B0020007494C1 /* LaunchScreen.xib in Resources */,
				ED07E0E81B4B0020007494C1 /* Images.xcassets in Resources */,
				ED07E1011B4B8ECA007494C1 /* credits.txt in Resources */,
			);
			runOnlyForDeploymentPostprocessing = 0;
		};
		ED07E0EE1B4B0020007494C1 /* Resources */ = {
			isa = PBXResourcesBuildPhase;
			buildActionMask = 2147483647;
			files = (
			);
			runOnlyForDeploymentPostprocessing = 0;
		};
/* End PBXResourcesBuildPhase section */

/* Begin PBXSourcesBuildPhase section */
		ED07E0D31B4B0020007494C1 /* Sources */ = {
			isa = PBXSourcesBuildPhase;
			buildActionMask = 2147483647;
			files = (
				ED07E0E31B4B0020007494C1 /* WebViewController.m in Sources */,
				ED07E0E01B4B0020007494C1 /* AppDelegate.m in Sources */,
				ED07E0DD1B4B0020007494C1 /* main.m in Sources */,
				ED52268B1B4BB697007B03F3 /* VideoWebViewController.m in Sources */,
			);
			runOnlyForDeploymentPostprocessing = 0;
		};
		ED07E0EC1B4B0020007494C1 /* Sources */ = {
			isa = PBXSourcesBuildPhase;
			buildActionMask = 2147483647;
			files = (
				ED07E0F71B4B0020007494C1 /* samplewebappTests.m in Sources */,
			);
			runOnlyForDeploymentPostprocessing = 0;
		};
/* End PBXSourcesBuildPhase section */

/* Begin PBXTargetDependency section */
		ED07E0F21B4B0020007494C1 /* PBXTargetDependency */ = {
			isa = PBXTargetDependency;
			target = ED07E0D61B4B0020007494C1 /* samplewebapp */;
			targetProxy = ED07E0F11B4B0020007494C1 /* PBXContainerItemProxy */;
		};
/* End PBXTargetDependency section */

/* Begin PBXVariantGroup section */
		ED07E0E41B4B0020007494C1 /* Main.storyboard */ = {
			isa = PBXVariantGroup;
			children = (
				ED07E0E51B4B0020007494C1 /* Base */,
			);
			name = Main.storyboard;
			sourceTree = "<group>";
		};
		ED07E0E91B4B0020007494C1 /* LaunchScreen.xib */ = {
			isa = PBXVariantGroup;
			children = (
				ED07E0EA1B4B0020007494C1 /* Base */,
			);
			name = LaunchScreen.xib;
			sourceTree = "<group>";
		};
/* End PBXVariantGroup section */

/* Begin XCBuildConfiguration section */
		ED07E0F81B4B0020007494C1 /* Debug */ = {
			isa = XCBuildConfiguration;
			buildSettings = {
				ALWAYS_SEARCH_USER_PATHS = NO;
				CLANG_CXX_LANGUAGE_STANDARD = "gnu++0x";
				CLANG_CXX_LIBRARY = "libc++";
				CLANG_ENABLE_MODULES = YES;
				CLANG_ENABLE_OBJC_ARC = YES;
				CLANG_WARN_BOOL_CONVERSION = YES;
				CLANG_WARN_CONSTANT_CONVERSION = YES;
				CLANG_WARN_DIRECT_OBJC_ISA_USAGE = YES_ERROR;
				CLANG_WARN_EMPTY_BODY = YES;
				CLANG_WARN_ENUM_CONVERSION = YES;
				CLANG_WARN_INT_CONVERSION = YES;
				CLANG_WARN_OBJC_ROOT_CLASS = YES_ERROR;
				CLANG_WARN_UNREACHABLE_CODE = YES;
				CLANG_WARN__DUPLICATE_METHOD_MATCH = YES;
				"CODE_SIGN_IDENTITY[sdk=iphoneos*]" = "iPhone Developer";
				COPY_PHASE_STRIP = NO;
				DEBUG_INFORMATION_FORMAT = "dwarf-with-dsym";
				ENABLE_STRICT_OBJC_MSGSEND = YES;
				GCC_C_LANGUAGE_STANDARD = gnu99;
				GCC_DYNAMIC_NO_PIC = NO;
				GCC_NO_COMMON_BLOCKS = YES;
				GCC_OPTIMIZATION_LEVEL = 0;
				GCC_PREPROCESSOR_DEFINITIONS = (
					"DEBUG=1",
					"$(inherited)",
				);
				GCC_SYMBOLS_PRIVATE_EXTERN = NO;
				GCC_WARN_64_TO_32_BIT_CONVERSION = YES;
				GCC_WARN_ABOUT_RETURN_TYPE = YES_ERROR;
				GCC_WARN_UNDECLARED_SELECTOR = YES;
				GCC_WARN_UNINITIALIZED_AUTOS = YES_AGGRESSIVE;
				GCC_WARN_UNUSED_FUNCTION = YES;
				GCC_WARN_UNUSED_VARIABLE = YES;
				IPHONEOS_DEPLOYMENT_TARGET = 8.3;
				MTL_ENABLE_DEBUG_INFO = YES;
				ONLY_ACTIVE_ARCH = YES;
				SDKROOT = iphoneos;
			};
			name = Debug;
		};
		ED07E0F91B4B0020007494C1 /* Release */ = {
			isa = XCBuildConfiguration;
			buildSettings = {
				ALWAYS_SEARCH_USER_PATHS = NO;
				CLANG_CXX_LANGUAGE_STANDARD = "gnu++0x";
				CLANG_CXX_LIBRARY = "libc++";
				CLANG_ENABLE_MODULES = YES;
				CLANG_ENABLE_OBJC_ARC = YES;
				CLANG_WARN_BOOL_CONVERSION = YES;
				CLANG_WARN_CONSTANT_CONVERSION = YES;
				CLANG_WARN_DIRECT_OBJC_ISA_USAGE = YES_ERROR;
				CLANG_WARN_EMPTY_BODY = YES;
				CLANG_WARN_ENUM_CONVERSION = YES;
				CLANG_WARN_INT_CONVERSION = YES;
				CLANG_WARN_OBJC_ROOT_CLASS = YES_ERROR;
				CLANG_WARN_UNREACHABLE_CODE = YES;
				CLANG_WARN__DUPLICATE_METHOD_MATCH = YES;
				"CODE_SIGN_IDENTITY[sdk=iphoneos*]" = "iPhone Developer";
				COPY_PHASE_STRIP = NO;
				DEBUG_INFORMATION_FORMAT = "dwarf-with-dsym";
				ENABLE_NS_ASSERTIONS = NO;
				ENABLE_STRICT_OBJC_MSGSEND = YES;
				GCC_C_LANGUAGE_STANDARD = gnu99;
				GCC_NO_COMMON_BLOCKS = YES;
				GCC_WARN_64_TO_32_BIT_CONVERSION = YES;
				GCC_WARN_ABOUT_RETURN_TYPE = YES_ERROR;
				GCC_WARN_UNDECLARED_SELECTOR = YES;
				GCC_WARN_UNINITIALIZED_AUTOS = YES_AGGRESSIVE;
				GCC_WARN_UNUSED_FUNCTION = YES;
				GCC_WARN_UNUSED_VARIABLE = YES;
				IPHONEOS_DEPLOYMENT_TARGET = 8.3;
				MTL_ENABLE_DEBUG_INFO = NO;
				SDKROOT = iphoneos;
				VALIDATE_PRODUCT = YES;
			};
			name = Release;
		};
		ED07E0FB1B4B0020007494C1 /* Debug */ = {
			isa = XCBuildConfiguration;
			buildSettings = {
				ASSETCATALOG_COMPILER_APPICON_NAME = AppIcon;
				INFOPLIST_FILE = samplewebapp/Info.plist;
				LD_RUNPATH_SEARCH_PATHS = "$(inherited) @executable_path/Frameworks";
				PRODUCT_NAME = "$(TARGET_NAME)";
			};
			name = Debug;
		};
		ED07E0FC1B4B0020007494C1 /* Release */ = {
			isa = XCBuildConfiguration;
			buildSettings = {
				ASSETCATALOG_COMPILER_APPICON_NAME = AppIcon;
				INFOPLIST_FILE = samplewebapp/Info.plist;
				LD_RUNPATH_SEARCH_PATHS = "$(inherited) @executable_path/Frameworks";
				PRODUCT_NAME = "$(TARGET_NAME)";
			};
			name = Release;
		};
		ED07E0FE1B4B0020007494C1 /* Debug */ = {
			isa = XCBuildConfiguration;
			buildSettings = {
				BUNDLE_LOADER = "$(TEST_HOST)";
				FRAMEWORK_SEARCH_PATHS = (
					"$(SDKROOT)/Developer/Library/Frameworks",
					"$(inherited)",
				);
				GCC_PREPROCESSOR_DEFINITIONS = (
					"DEBUG=1",
					"$(inherited)",
				);
				INFOPLIST_FILE = samplewebappTests/Info.plist;
				LD_RUNPATH_SEARCH_PATHS = "$(inherited) @executable_path/Frameworks @loader_path/Frameworks";
				PRODUCT_NAME = "$(TARGET_NAME)";
				TEST_HOST = "$(BUILT_PRODUCTS_DIR)/samplewebapp.app/samplewebapp";
			};
			name = Debug;
		};
		ED07E0FF1B4B0020007494C1 /* Release */ = {
			isa = XCBuildConfiguration;
			buildSettings = {
				BUNDLE_LOADER = "$(TEST_HOST)";
				FRAMEWORK_SEARCH_PATHS = (
					"$(SDKROOT)/Developer/Library/Frameworks",
					"$(inherited)",
				);
				INFOPLIST_FILE = samplewebappTests/Info.plist;
				LD_RUNPATH_SEARCH_PATHS = "$(inherited) @executable_path/Frameworks @loader_path/Frameworks";
				PRODUCT_NAME = "$(TARGET_NAME)";
				TEST_HOST = "$(BUILT_PRODUCTS_DIR)/samplewebapp.app/samplewebapp";
			};
			name = Release;
		};
/* End XCBuildConfiguration section */

/* Begin XCConfigurationList section */
		ED07E0D21B4B0020007494C1 /* Build configuration list for PBXProject "samplewebapp" */ = {
			isa = XCConfigurationList;
			buildConfigurations = (
				ED07E0F81B4B0020007494C1 /* Debug */,
				ED07E0F91B4B0020007494C1 /* Release */,
			);
			defaultConfigurationIsVisible = 0;
			defaultConfigurationName = Release;
		};
		ED07E0FA1B4B0020007494C1 /* Build configuration list for PBXNativeTarget "samplewebapp" */ = {
			isa = XCConfigurationList;
			buildConfigurations = (
				ED07E0FB1B4B0020007494C1 /* Debug */,
				ED07E0FC1B4B0020007494C1 /* Release */,
			);
			defaultConfigurationIsVisible = 0;
			defaultConfigurationName = Release;
		};
		ED07E0FD1B4B0020007494C1 /* Build configuration list for PBXNativeTarget "samplewebappTests" */ = {
			isa = XCConfigurationList;
			buildConfigurations = (
				ED07E0FE1B4B0020007494C1 /* Debug */,
				ED07E0FF1B4B0020007494C1 /* Release */,
			);
			defaultConfigurationIsVisible = 0;
			defaultConfigurationName = Release;
		};
/* End XCConfigurationList section */
	};
	rootObject = ED07E0CF1B4B0020007494C1 /* Project object */;
}
